
Microsoft Visual Studio Solution File, Format Version 12.00
# Visual Studio Version 17
VisualStudioVersion = 17.8.34511.84
MinimumVisualStudioVersion = 10.0.40219.1
Project("{FAE04EC0-301F-11D3-BF4B-00C04F79EFBC}") = "CAExtensionMethos", "CAExtensionMethos.csproj", "{134312B4-7B79-46B3-9D12-73428F5E4A3F}"
EndProject
Global
	GlobalSection(SolutionConfigurationPlatforms) = preSolution
		Debug|Any CPU = Debug|Any CPU
		Release|Any CPU = Release|Any CPU
	EndGlobalSection
	GlobalSection(ProjectConfigurationPlatforms) = postSolution
		{134312B4-7B79-46B3-9D12-73428F5E4A3F}.Debug|Any CPU.ActiveCfg = Debug|Any CPU
		{134312B4-7B79-46B3-9D12-73428F5E4A3F}.Debug|Any CPU.Build.0 = Debug|Any CPU
		{134312B4-7B79-46B3-9D12-73428F5E4A3F}.Release|Any CPU.ActiveCfg = Release|Any CPU
		{134312B4-7B79-46B3-9D12-73428F5E4A3F}.Release|Any CPU.Build.0 = Release|Any CPU
	EndGlobalSection
	GlobalSection(SolutionProperties) = preSolution
		HideSolutionNode = FALSE
	EndGlobalSection
	GlobalSection(ExtensibilityGlobals) = postSolution
		SolutionGuid = {58046605-06A7-4DEC-A6DB-94E80FCB46E7}
	EndGlobalSection
EndGlobal
