
Microsoft Visual Studio Solution File, Format Version 12.00
# Visual Studio Version 17
VisualStudioVersion = 17.8.34511.84
MinimumVisualStudioVersion = 10.0.40219.1
Project("{FAE04EC0-301F-11D3-BF4B-00C04F79EFBC}") = "ThreadSleep VS TaskDelay", "ThreadSleep VS TaskDelay.csproj", "{3BF29B40-6FBA-4E27-9775-1E9DEA353019}"
EndProject
Global
	GlobalSection(SolutionConfigurationPlatforms) = preSolution
		Debug|Any CPU = Debug|Any CPU
		Release|Any CPU = Release|Any CPU
	EndGlobalSection
	GlobalSection(ProjectConfigurationPlatforms) = postSolution
		{3BF29B40-6FBA-4E27-9775-1E9DEA353019}.Debug|Any CPU.ActiveCfg = Debug|Any CPU
		{3BF29B40-6FBA-4E27-9775-1E9DEA353019}.Debug|Any CPU.Build.0 = Debug|Any CPU
		{3BF29B40-6FBA-4E27-9775-1E9DEA353019}.Release|Any CPU.ActiveCfg = Release|Any CPU
		{3BF29B40-6FBA-4E27-9775-1E9DEA353019}.Release|Any CPU.Build.0 = Release|Any CPU
	EndGlobalSection
	GlobalSection(SolutionProperties) = preSolution
		HideSolutionNode = FALSE
	EndGlobalSection
	GlobalSection(ExtensibilityGlobals) = postSolution
		SolutionGuid = {8CA2B7A6-CC95-4403-973B-8119E882295F}
	EndGlobalSection
EndGlobal
